PODS:
  - Alamofire (4.9.1)
  - Kingfisher (5.15.8):
    - Kingfisher/Core (= 5.15.8)
  - Kingfisher/Core (5.15.8)
  - SKActivityIndicatorView (1.0.0)

DEPENDENCIES:
  - Alamofire (~> 4.0)
  - Kingfisher (~> 5.0)
  - SKActivityIndicatorView (~> 1.0.0)

SPEC REPOS:
  trunk:
    - Alamofire
    - Kingfisher
    - SKActivityIndicatorView

SPEC CHECKSUMS:
  Alamofire: 85e8a02c69d6020a0d734f6054870d7ecb75cf18
  Kingfisher: a3c03d702433fa6cfedabb2bddbe076fb8f2e902
  SKActivityIndicatorView: 81c123380127ad497f9b57cd4d11347e40ab3427

PODFILE CHECKSUM: c8d6bdadc788d8d0d0c6cca55da61c8cf4939467

COCOAPODS: 1.11.2
